// !$*UTF8*$!
{
	archiveVersion = 1;
	classes = {
	};
	objectVersion = 55;
	objects = {

/* Begin PBXBuildFile section */
		76070B3D27EAF8D3003FEBF4 /* AppDelegate.m in Sources */ = {isa = PBXBuildFile; fileRef = 76070B3C27EAF8D3003FEBF4 /* AppDelegate.m */; };
		76070B4027EAF8D3003FEBF4 /* SceneDelegate.m in Sources */ = {isa = PBXBuildFile; fileRef = 76070B3F27EAF8D3003FEBF4 /* SceneDelegate.m */; };
		76070B4327EAF8D3003FEBF4 /* ViewController.m in Sources */ = {isa = PBXBuildFile; fileRef = 76070B4227EAF8D3003FEBF4 /* ViewController.m */; };
		76070B4627EAF8D3003FEBF4 /* Main.storyboard in Resources */ = {isa = PBXBuildFile; fileRef = 76070B4427EAF8D3003FEBF4 /* Main.storyboard */; };
		76070B4827EAF8D7003FEBF4 /* Assets.xcassets in Resources */ = {isa = PBXBuildFile; fileRef = 76070B4727EAF8D7003FEBF4 /* Assets.xcassets */; };
		76070B4B27EAF8D7003FEBF4 /* LaunchScreen.storyboard in Resources */ = {isa = PBXBuildFile; fileRef = 76070B4927EAF8D7003FEBF4 /* LaunchScreen.storyboard */; };
		76070B4E27EAF8D7003FEBF4 /* main.m in Sources */ = {isa = PBXBuildFile; fileRef = 76070B4D27EAF8D7003FEBF4 /* main.m */; };
		76070B5827EAF8D7003FEBF4 /* DDTravisTests.m in Sources */ = {isa = PBXBuildFile; fileRef = 76070B5727EAF8D7003FEBF4 /* DDTravisTests.m */; };
		76070B6227EAF8D8003FEBF4 /* DDTravisUITests.m in Sources */ = {isa = PBXBuildFile; fileRef = 76070B6127EAF8D8003FEBF4 /* DDTravisUITests.m */; };
		76070B6427EAF8D8003FEBF4 /* DDTravisUITestsLaunchTests.m in Sources */ = {isa = PBXBuildFile; fileRef = 76070B6327EAF8D8003FEBF4 /* DDTravisUITestsLaunchTests.m */; };
/* End PBXBuildFile section */

/* Begin PBXContainerItemProxy section */
		76070B5427EAF8D7003FEBF4 /* PBXContainerItemProxy */ = {
			isa = PBXContainerItemProxy;
			containerPortal = 76070B3027EAF8D3003FEBF4 /* Project object */;
			proxyType = 1;
			remoteGlobalIDString = 76070B3727EAF8D3003FEBF4;
			remoteInfo = DDTravis;
		};
		76070B5E27EAF8D8003FEBF4 /* PBXContainerItemProxy */ = {
			isa = PBXContainerItemProxy;
			containerPortal = 76070B3027EAF8D3003FEBF4 /* Project object */;
			proxyType = 1;
			remoteGlobalIDString = 76070B3727EAF8D3003FEBF4;
			remoteInfo = DDTravis;
		};
/* End PBXContainerItemProxy section */

/* Begin PBXFileReference section */
		76070B3827EAF8D3003FEBF4 /* DDTravis.app */ = {isa = PBXFileReference; explicitFileType = wrapper.application; includeInIndex = 0; path = DDTravis.app; sourceTree = BUILT_PRODUCTS_DIR; };
		76070B3B27EAF8D3003FEBF4 /* AppDelegate.h */ = {isa = PBXFileReference; lastKnownFileType = sourcecode.c.h; path = AppDelegate.h; sourceTree = "<group>"; };
		76070B3C27EAF8D3003FEBF4 /* AppDelegate.m */ = {isa = PBXFileReference; lastKnownFileType = sourcecode.c.objc; path = AppDelegate.m; sourceTree = "<group>"; };
		76070B3E27EAF8D3003FEBF4 /* SceneDelegate.h */ = {isa = PBXFileReference; lastKnownFileType = sourcecode.c.h; path = SceneDelegate.h; sourceTree = "<group>"; };
		76070B3F27EAF8D3003FEBF4 /* SceneDelegate.m */ = {isa = PBXFileReference; lastKnownFileType = sourcecode.c.objc; path = SceneDelegate.m; sourceTree = "<group>"; };
		76070B4127EAF8D3003FEBF4 /* ViewController.h */ = {isa = PBXFileReference; lastKnownFileType = sourcecode.c.h; path = ViewController.h; sourceTree = "<group>"; };
		76070B4227EAF8D3003FEBF4 /* ViewController.m */ = {isa = PBXFileReference; lastKnownFileType = sourcecode.c.objc; path = ViewController.m; sourceTree = "<group>"; };
		76070B4527EAF8D3003FEBF4 /* Base */ = {isa = PBXFileReference; lastKnownFileType = file.storyboard; name = Base; path = Base.lproj/Main.storyboard; sourceTree = "<group>"; };
		76070B4727EAF8D7003FEBF4 /* Assets.xcassets */ = {isa = PBXFileReference; lastKnownFileType = folder.assetcatalog; path = Assets.xcassets; sourceTree = "<group>"; };
		76070B4A27EAF8D7003FEBF4 /* Base */ = {isa = PBXFileReference; lastKnownFileType = file.storyboard; name = Base; path = Base.lproj/LaunchScreen.storyboard; sourceTree = "<group>"; };
		76070B4C27EAF8D7003FEBF4 /* Info.plist */ = {isa = PBXFileReference; lastKnownFileType = text.plist.xml; path = Info.plist; sourceTree = "<group>"; };
		76070B4D27EAF8D7003FEBF4 /* main.m */ = {isa = PBXFileReference; lastKnownFileType = sourcecode.c.objc; path = main.m; sourceTree = "<group>"; };
		76070B5327EAF8D7003FEBF4 /* DDTravisTests.xctest */ = {isa = PBXFileReference; explicitFileType = wrapper.cfbundle; includeInIndex = 0; path = DDTravisTests.xctest; sourceTree = BUILT_PRODUCTS_DIR; };
		76070B5727EAF8D7003FEBF4 /* DDTravisTests.m */ = {isa = PBXFileReference; lastKnownFileType = sourcecode.c.objc; path = DDTravisTests.m; sourceTree = "<group>"; };
		76070B5D27EAF8D8003FEBF4 /* DDTravisUITests.xctest */ = {isa = PBXFileReference; explicitFileType = wrapper.cfbundle; includeInIndex = 0; path = DDTravisUITests.xctest; sourceTree = BUILT_PRODUCTS_DIR; };
		76070B6127EAF8D8003FEBF4 /* DDTravisUITests.m */ = {isa = PBXFileReference; lastKnownFileType = sourcecode.c.objc; path = DDTravisUITests.m; sourceTree = "<group>"; };
		76070B6327EAF8D8003FEBF4 /* DDTravisUITestsLaunchTests.m */ = {isa = PBXFileReference; lastKnownFileType = sourcecode.c.objc; path = DDTravisUITestsLaunchTests.m; sourceTree = "<group>"; };
/* End PBXFileReference section */

/* Begin PBXFrameworksBuildPhase section */
		76070B3527EAF8D3003FEBF4 /* Frameworks */ = {
			isa = PBXFrameworksBuildPhase;
			buildActionMask = 2147483647;
			files = (
			);
			runOnlyForDeploymentPostprocessing = 0;
		};
		76070B5027EAF8D7003FEBF4 /* Frameworks */ = {
			isa = PBXFrameworksBuildPhase;
			buildActionMask = 2147483647;
			files = (
			);
			runOnlyForDeploymentPostprocessing = 0;
		};
		76070B5A27EAF8D8003FEBF4 /* Frameworks */ = {
			isa = PBXFrameworksBuildPhase;
			buildActionMask = 2147483647;
			files = (
			);
			runOnlyForDeploymentPostprocessing = 0;
		};
/* End PBXFrameworksBuildPhase section */

/* Begin PBXGroup section */
		76070B2F27EAF8D3003FEBF4 = {
			isa = PBXGroup;
			children = (
				76070B3A27EAF8D3003FEBF4 /* DDTravis */,
				76070B5627EAF8D7003FEBF4 /* DDTravisTests */,
				76070B6027EAF8D8003FEBF4 /* DDTravisUITests */,
				76070B3927EAF8D3003FEBF4 /* Products */,
			);
			sourceTree = "<group>";
		};
		76070B3927EAF8D3003FEBF4 /* Products */ = {
			isa = PBXGroup;
			children = (
				76070B3827EAF8D3003FEBF4 /* DDTravis.app */,
				76070B5327EAF8D7003FEBF4 /* DDTravisTests.xctest */,
				76070B5D27EAF8D8003FEBF4 /* DDTravisUITests.xctest */,
			);
			name = Products;
			sourceTree = "<group>";
		};
		76070B3A27EAF8D3003FEBF4 /* DDTravis */ = {
			isa = PBXGroup;
			children = (
				76070B3B27EAF8D3003FEBF4 /* AppDelegate.h */,
				76070B3C27EAF8D3003FEBF4 /* AppDelegate.m */,
				76070B3E27EAF8D3003FEBF4 /* SceneDelegate.h */,
				76070B3F27EAF8D3003FEBF4 /* SceneDelegate.m */,
				76070B4127EAF8D3003FEBF4 /* ViewController.h */,
				76070B4227EAF8D3003FEBF4 /* ViewController.m */,
				76070B4427EAF8D3003FEBF4 /* Main.storyboard */,
				76070B4727EAF8D7003FEBF4 /* Assets.xcassets */,
				76070B4927EAF8D7003FEBF4 /* LaunchScreen.storyboard */,
				76070B4C27EAF8D7003FEBF4 /* Info.plist */,
				76070B4D27EAF8D7003FEBF4 /* main.m */,
			);
			path = DDTravis;
			sourceTree = "<group>";
		};
		76070B5627EAF8D7003FEBF4 /* DDTravisTests */ = {
			isa = PBXGroup;
			children = (
				76070B5727EAF8D7003FEBF4 /* DDTravisTests.m */,
			);
			path = DDTravisTests;
			sourceTree = "<group>";
		};
		76070B6027EAF8D8003FEBF4 /* DDTravisUITests */ = {
			isa = PBXGroup;
			children = (
				76070B6127EAF8D8003FEBF4 /* DDTravisUITests.m */,
				76070B6327EAF8D8003FEBF4 /* DDTravisUITestsLaunchTests.m */,
			);
			path = DDTravisUITests;
			sourceTree = "<group>";
		};
/* End PBXGroup section */

/* Begin PBXNativeTarget section */
		76070B3727EAF8D3003FEBF4 /* DDTravis */ = {
			isa = PBXNativeTarget;
			buildConfigurationList = 76070B6727EAF8D8003FEBF4 /* Build configuration list for PBXNativeTarget "DDTravis" */;
			buildPhases = (
				76070B3427EAF8D3003FEBF4 /* Sources */,
				76070B3527EAF8D3003FEBF4 /* Frameworks */,
				76070B3627EAF8D3003FEBF4 /* Resources */,
			);
			buildRules = (
			);
			dependencies = (
			);
			name = DDTravis;
			productName = DDTravis;
			productReference = 76070B3827EAF8D3003FEBF4 /* DDTravis.app */;
			productType = "com.apple.product-type.application";
		};
		76070B5227EAF8D7003FEBF4 /* DDTravisTests */ = {
			isa = PBXNativeTarget;
			buildConfigurationList = 76070B6A27EAF8D8003FEBF4 /* Build configuration list for PBXNativeTarget "DDTravisTests" */;
			buildPhases = (
				76070B4F27EAF8D7003FEBF4 /* Sources */,
				76070B5027EAF8D7003FEBF4 /* Frameworks */,
				76070B5127EAF8D7003FEBF4 /* Resources */,
			);
			buildRules = (
			);
			dependencies = (
				76070B5527EAF8D7003FEBF4 /* PBXTargetDependency */,
			);
			name = DDTravisTests;
			productName = DDTravisTests;
			productReference = 76070B5327EAF8D7003FEBF4 /* DDTravisTests.xctest */;
			productType = "com.apple.product-type.bundle.unit-test";
		};
		76070B5C27EAF8D8003FEBF4 /* DDTravisUITests */ = {
			isa = PBXNativeTarget;
			buildConfigurationList = 76070B6D27EAF8D8003FEBF4 /* Build configuration list for PBXNativeTarget "DDTravisUITests" */;
			buildPhases = (
				76070B5927EAF8D8003FEBF4 /* Sources */,
				76070B5A27EAF8D8003FEBF4 /* Frameworks */,
				76070B5B27EAF8D8003FEBF4 /* Resources */,
			);
			buildRules = (
			);
			dependencies = (
				76070B5F27EAF8D8003FEBF4 /* PBXTargetDependency */,
			);
			name = DDTravisUITests;
			productName = DDTravisUITests;
			productReference = 76070B5D27EAF8D8003FEBF4 /* DDTravisUITests.xctest */;
			productType = "com.apple.product-type.bundle.ui-testing";
		};
/* End PBXNativeTarget section */

/* Begin PBXProject section */
		76070B3027EAF8D3003FEBF4 /* Project object */ = {
			isa = PBXProject;
			attributes = {
				BuildIndependentTargetsInParallel = 1;
				LastUpgradeCheck = 1320;
				TargetAttributes = {
					76070B3727EAF8D3003FEBF4 = {
						CreatedOnToolsVersion = 13.2.1;
					};
					76070B5227EAF8D7003FEBF4 = {
						CreatedOnToolsVersion = 13.2.1;
						TestTargetID = 76070B3727EAF8D3003FEBF4;
					};
					76070B5C27EAF8D8003FEBF4 = {
						CreatedOnToolsVersion = 13.2.1;
						TestTargetID = 76070B3727EAF8D3003FEBF4;
					};
				};
			};
			buildConfigurationList = 76070B3327EAF8D3003FEBF4 /* Build configuration list for PBXProject "DDTravis" */;
			compatibilityVersion = "Xcode 13.0";
			developmentRegion = en;
			hasScannedForEncodings = 0;
			knownRegions = (
				en,
				Base,
			);
			mainGroup = 76070B2F27EAF8D3003FEBF4;
			productRefGroup = 76070B3927EAF8D3003FEBF4 /* Products */;
			projectDirPath = "";
			projectRoot = "";
			targets = (
				76070B3727EAF8D3003FEBF4 /* DDTravis */,
				76070B5227EAF8D7003FEBF4 /* DDTravisTests */,
				76070B5C27EAF8D8003FEBF4 /* DDTravisUITests */,
			);
		};
/* End PBXProject section */

/* Begin PBXResourcesBuildPhase section */
		76070B3627EAF8D3003FEBF4 /* Resources */ = {
			isa = PBXResourcesBuildPhase;
			buildActionMask = 2147483647;
			files = (
				76070B4B27EAF8D7003FEBF4 /* LaunchScreen.storyboard in Resources */,
				76070B4827EAF8D7003FEBF4 /* Assets.xcassets in Resources */,
				76070B4627EAF8D3003FEBF4 /* Main.storyboard in Resources */,
			);
			runOnlyForDeploymentPostprocessing = 0;
		};
		76070B5127EAF8D7003FEBF4 /* Resources */ = {
			isa = PBXResourcesBuildPhase;
			buildActionMask = 2147483647;
			files = (
			);
			runOnlyForDeploymentPostprocessing = 0;
		};
		76070B5B27EAF8D8003FEBF4 /* Resources */ = {
			isa = PBXResourcesBuildPhase;
			buildActionMask = 2147483647;
			files = (
			);
			runOnlyForDeploymentPostprocessing = 0;
		};
/* End PBXResourcesBuildPhase section */

/* Begin PBXSourcesBuildPhase section */
		76070B3427EAF8D3003FEBF4 /* Sources */ = {
			isa = PBXSourcesBuildPhase;
			buildActionMask = 2147483647;
			files = (
				76070B4327EAF8D3003FEBF4 /* ViewController.m in Sources */,
				76070B3D27EAF8D3003FEBF4 /* AppDelegate.m in Sources */,
				76070B4E27EAF8D7003FEBF4 /* main.m in Sources */,
				76070B4027EAF8D3003FEBF4 /* SceneDelegate.m in Sources */,
			);
			runOnlyForDeploymentPostprocessing = 0;
		};
		76070B4F27EAF8D7003FEBF4 /* Sources */ = {
			isa = PBXSourcesBuildPhase;
			buildActionMask = 2147483647;
			files = (
				76070B5827EAF8D7003FEBF4 /* DDTravisTests.m in Sources */,
			);
			runOnlyForDeploymentPostprocessing = 0;
		};
		76070B5927EAF8D8003FEBF4 /* Sources */ = {
			isa = PBXSourcesBuildPhase;
			buildActionMask = 2147483647;
			files = (
				76070B6227EAF8D8003FEBF4 /* DDTravisUITests.m in Sources */,
				76070B6427EAF8D8003FEBF4 /* DDTravisUITestsLaunchTests.m in Sources */,
			);
			runOnlyForDeploymentPostprocessing = 0;
		};
/* End PBXSourcesBuildPhase section */

/* Begin PBXTargetDependency section */
		76070B5527EAF8D7003FEBF4 /* PBXTargetDependency */ = {
			isa = PBXTargetDependency;
			target = 76070B3727EAF8D3003FEBF4 /* DDTravis */;
			targetProxy = 76070B5427EAF8D7003FEBF4 /* PBXContainerItemProxy */;
		};
		76070B5F27EAF8D8003FEBF4 /* PBXTargetDependency */ = {
			isa = PBXTargetDependency;
			target = 76070B3727EAF8D3003FEBF4 /* DDTravis */;
			targetProxy = 76070B5E27EAF8D8003FEBF4 /* PBXContainerItemProxy */;
		};
/* End PBXTargetDependency section */

/* Begin PBXVariantGroup section */
		76070B4427EAF8D3003FEBF4 /* Main.storyboard */ = {
			isa = PBXVariantGroup;
			children = (
				76070B4527EAF8D3003FEBF4 /* Base */,
			);
			name = Main.storyboard;
			sourceTree = "<group>";
		};
		76070B4927EAF8D7003FEBF4 /* LaunchScreen.storyboard */ = {
			isa = PBXVariantGroup;
			children = (
				76070B4A27EAF8D7003FEBF4 /* Base */,
			);
			name = LaunchScreen.storyboard;
			sourceTree = "<group>";
		};
/* End PBXVariantGroup section */

/* Begin XCBuildConfiguration section */
		76070B6527EAF8D8003FEBF4 /* Debug */ = {
			isa = XCBuildConfiguration;
			buildSettings = {
				ALWAYS_SEARCH_USER_PATHS = NO;
				CLANG_ANALYZER_NONNULL = YES;
				CLANG_ANALYZER_NUMBER_OBJECT_CONVERSION = YES_AGGRESSIVE;
				CLANG_CXX_LANGUAGE_STANDARD = "gnu++17";
				CLANG_CXX_LIBRARY = "libc++";
				CLANG_ENABLE_MODULES = YES;
				CLANG_ENABLE_OBJC_ARC = YES;
				CLANG_ENABLE_OBJC_WEAK = YES;
				CLANG_WARN_BLOCK_CAPTURE_AUTORELEASING = YES;
				CLANG_WARN_BOOL_CONVERSION = YES;
				CLANG_WARN_COMMA = YES;
				CLANG_WARN_CONSTANT_CONVERSION = YES;
				CLANG_WARN_DEPRECATED_OBJC_IMPLEMENTATIONS = YES;
				CLANG_WARN_DIRECT_OBJC_ISA_USAGE = YES_ERROR;
				CLANG_WARN_DOCUMENTATION_COMMENTS = YES;
				CLANG_WARN_EMPTY_BODY = YES;
				CLANG_WARN_ENUM_CONVERSION = YES;
				CLANG_WARN_INFINITE_RECURSION = YES;
				CLANG_WARN_INT_CONVERSION = YES;
				CLANG_WARN_NON_LITERAL_NULL_CONVERSION = YES;
				CLANG_WARN_OBJC_IMPLICIT_RETAIN_SELF = YES;
				CLANG_WARN_OBJC_LITERAL_CONVERSION = YES;
				CLANG_WARN_OBJC_ROOT_CLASS = YES_ERROR;
				CLANG_WARN_QUOTED_INCLUDE_IN_FRAMEWORK_HEADER = YES;
				CLANG_WARN_RANGE_LOOP_ANALYSIS = YES;
				CLANG_WARN_STRICT_PROTOTYPES = YES;
				CLANG_WARN_SUSPICIOUS_MOVE = YES;
				CLANG_WARN_UNGUARDED_AVAILABILITY = YES_AGGRESSIVE;
				CLANG_WARN_UNREACHABLE_CODE = YES;
				CLANG_WARN__DUPLICATE_METHOD_MATCH = YES;
				COPY_PHASE_STRIP = NO;
				DEBUG_INFORMATION_FORMAT = dwarf;
				ENABLE_STRICT_OBJC_MSGSEND = YES;
				ENABLE_TESTABILITY = YES;
				GCC_C_LANGUAGE_STANDARD = gnu11;
				GCC_DYNAMIC_NO_PIC = NO;
				GCC_NO_COMMON_BLOCKS = YES;
				GCC_OPTIMIZATION_LEVEL = 0;
				GCC_PREPROCESSOR_DEFINITIONS = (
					"DEBUG=1",
					"$(inherited)",
				);
				GCC_WARN_64_TO_32_BIT_CONVERSION = YES;
				GCC_WARN_ABOUT_RETURN_TYPE = YES_ERROR;
				GCC_WARN_UNDECLARED_SELECTOR = YES;
				GCC_WARN_UNINITIALIZED_AUTOS = YES_AGGRESSIVE;
				GCC_WARN_UNUSED_FUNCTION = YES;
				GCC_WARN_UNUSED_VARIABLE = YES;
				IPHONEOS_DEPLOYMENT_TARGET = 15.2;
				MTL_ENABLE_DEBUG_INFO = INCLUDE_SOURCE;
				MTL_FAST_MATH = YES;
				ONLY_ACTIVE_ARCH = YES;
				SDKROOT = iphoneos;
			};
			name = Debug;
		};
		76070B6627EAF8D8003FEBF4 /* Release */ = {
			isa = XCBuildConfiguration;
			buildSettings = {
				ALWAYS_SEARCH_USER_PATHS = NO;
				CLANG_ANALYZER_NONNULL = YES;
				CLANG_ANALYZER_NUMBER_OBJECT_CONVERSION = YES_AGGRESSIVE;
				CLANG_CXX_LANGUAGE_STANDARD = "gnu++17";
				CLANG_CXX_LIBRARY = "libc++";
				CLANG_ENABLE_MODULES = YES;
				CLANG_ENABLE_OBJC_ARC = YES;
				CLANG_ENABLE_OBJC_WEAK = YES;
				CLANG_WARN_BLOCK_CAPTURE_AUTORELEASING = YES;
				CLANG_WARN_BOOL_CONVERSION = YES;
				CLANG_WARN_COMMA = YES;
				CLANG_WARN_CONSTANT_CONVERSION = YES;
				CLANG_WARN_DEPRECATED_OBJC_IMPLEMENTATIONS = YES;
				CLANG_WARN_DIRECT_OBJC_ISA_USAGE = YES_ERROR;
				CLANG_WARN_DOCUMENTATION_COMMENTS = YES;
				CLANG_WARN_EMPTY_BODY = YES;
				CLANG_WARN_ENUM_CONVERSION = YES;
				CLANG_WARN_INFINITE_RECURSION = YES;
				CLANG_WARN_INT_CONVERSION = YES;
				CLANG_WARN_NON_LITERAL_NULL_CONVERSION = YES;
				CLANG_WARN_OBJC_IMPLICIT_RETAIN_SELF = YES;
				CLANG_WARN_OBJC_LITERAL_CONVERSION = YES;
				CLANG_WARN_OBJC_ROOT_CLASS = YES_ERROR;
				CLANG_WARN_QUOTED_INCLUDE_IN_FRAMEWORK_HEADER = YES;
				CLANG_WARN_RANGE_LOOP_ANALYSIS = YES;
				CLANG_WARN_STRICT_PROTOTYPES = YES;
				CLANG_WARN_SUSPICIOUS_MOVE = YES;
				CLANG_WARN_UNGUARDED_AVAILABILITY = YES_AGGRESSIVE;
				CLANG_WARN_UNREACHABLE_CODE = YES;
				CLANG_WARN__DUPLICATE_METHOD_MATCH = YES;
				COPY_PHASE_STRIP = NO;
				DEBUG_INFORMATION_FORMAT = "dwarf-with-dsym";
				ENABLE_NS_ASSERTIONS = NO;
				ENABLE_STRICT_OBJC_MSGSEND = YES;
				GCC_C_LANGUAGE_STANDARD = gnu11;
				GCC_NO_COMMON_BLOCKS = YES;
				GCC_WARN_64_TO_32_BIT_CONVERSION = YES;
				GCC_WARN_ABOUT_RETURN_TYPE = YES_ERROR;
				GCC_WARN_UNDECLARED_SELECTOR = YES;
				GCC_WARN_UNINITIALIZED_AUTOS = YES_AGGRESSIVE;
				GCC_WARN_UNUSED_FUNCTION = YES;
				GCC_WARN_UNUSED_VARIABLE = YES;
				IPHONEOS_DEPLOYMENT_TARGET = 15.2;
				MTL_ENABLE_DEBUG_INFO = NO;
				MTL_FAST_MATH = YES;
				SDKROOT = iphoneos;
				VALIDATE_PRODUCT = YES;
			};
			name = Release;
		};
		76070B6827EAF8D8003FEBF4 /* Debug */ = {
			isa = XCBuildConfiguration;
			buildSettings = {
				ASSETCATALOG_COMPILER_APPICON_NAME = AppIcon;
				ASSETCATALOG_COMPILER_GLOBAL_ACCENT_COLOR_NAME = AccentColor;
				CODE_SIGN_STYLE = Automatic;
				CURRENT_PROJECT_VERSION = 1;
				GENERATE_INFOPLIST_FILE = YES;
				INFOPLIST_FILE = DDTravis/Info.plist;
				INFOPLIST_KEY_UIApplicationSupportsIndirectInputEvents = YES;
				INFOPLIST_KEY_UILaunchStoryboardName = LaunchScreen;
				INFOPLIST_KEY_UIMainStoryboardFile = Main;
				INFOPLIST_KEY_UISupportedInterfaceOrientations_iPad = "UIInterfaceOrientationPortrait UIInterfaceOrientationPortraitUpsideDown UIInterfaceOrientationLandscapeLeft UIInterfaceOrientationLandscapeRight";
				INFOPLIST_KEY_UISupportedInterfaceOrientations_iPhone = "UIInterfaceOrientationPortrait UIInterfaceOrientationLandscapeLeft UIInterfaceOrientationLandscapeRight";
				LD_RUNPATH_SEARCH_PATHS = (
					"$(inherited)",
					"@executable_path/Frameworks",
				);
				MARKETING_VERSION = 1.0;
				PRODUCT_BUNDLE_IDENTIFIER = com.test.DDTravis;
				PRODUCT_NAME = "$(TARGET_NAME)";
				SWIFT_EMIT_LOC_STRINGS = YES;
				TARGETED_DEVICE_FAMILY = "1,2";
			};
			name = Debug;
		};
		76070B6927EAF8D8003FEBF4 /* Release */ = {
			isa = XCBuildConfiguration;
			buildSettings = {
				ASSETCATALOG_COMPILER_APPICON_NAME = AppIcon;
				ASSETCATALOG_COMPILER_GLOBAL_ACCENT_COLOR_NAME = AccentColor;
				CODE_SIGN_STYLE = Automatic;
				CURRENT_PROJECT_VERSION = 1;
				GENERATE_INFOPLIST_FILE = YES;
				INFOPLIST_FILE = DDTravis/Info.plist;
				INFOPLIST_KEY_UIApplicationSupportsIndirectInputEvents = YES;
				INFOPLIST_KEY_UILaunchStoryboardName = LaunchScreen;
				INFOPLIST_KEY_UIMainStoryboardFile = Main;
				INFOPLIST_KEY_UISupportedInterfaceOrientations_iPad = "UIInterfaceOrientationPortrait UIInterfaceOrientationPortraitUpsideDown UIInterfaceOrientationLandscapeLeft UIInterfaceOrientationLandscapeRight";
				INFOPLIST_KEY_UISupportedInterfaceOrientations_iPhone = "UIInterfaceOrientationPortrait UIInterfaceOrientationLandscapeLeft UIInterfaceOrientationLandscapeRight";
				LD_RUNPATH_SEARCH_PATHS = (
					"$(inherited)",
					"@executable_path/Frameworks",
				);
				MARKETING_VERSION = 1.0;
				PRODUCT_BUNDLE_IDENTIFIER = com.test.DDTravis;
				PRODUCT_NAME = "$(TARGET_NAME)";
				SWIFT_EMIT_LOC_STRINGS = YES;
				TARGETED_DEVICE_FAMILY = "1,2";
			};
			name = Release;
		};
		76070B6B27EAF8D8003FEBF4 /* Debug */ = {
			isa = XCBuildConfiguration;
			buildSettings = {
				BUNDLE_LOADER = "$(TEST_HOST)";
				CODE_SIGN_STYLE = Automatic;
				CURRENT_PROJECT_VERSION = 1;
				GENERATE_INFOPLIST_FILE = YES;
				IPHONEOS_DEPLOYMENT_TARGET = 15.2;
				MARKETING_VERSION = 1.0;
				PRODUCT_BUNDLE_IDENTIFIER = com.test.DDTravisTests;
				PRODUCT_NAME = "$(TARGET_NAME)";
				SWIFT_EMIT_LOC_STRINGS = NO;
				TARGETED_DEVICE_FAMILY = "1,2";
				TEST_HOST = "$(BUILT_PRODUCTS_DIR)/DDTravis.app/DDTravis";
			};
			name = Debug;
		};
		76070B6C27EAF8D8003FEBF4 /* Release */ = {
			isa = XCBuildConfiguration;
			buildSettings = {
				BUNDLE_LOADER = "$(TEST_HOST)";
				CODE_SIGN_STYLE = Automatic;
				CURRENT_PROJECT_VERSION = 1;
				GENERATE_INFOPLIST_FILE = YES;
				IPHONEOS_DEPLOYMENT_TARGET = 15.2;
				MARKETING_VERSION = 1.0;
				PRODUCT_BUNDLE_IDENTIFIER = com.test.DDTravisTests;
				PRODUCT_NAME = "$(TARGET_NAME)";
				SWIFT_EMIT_LOC_STRINGS = NO;
				TARGETED_DEVICE_FAMILY = "1,2";
				TEST_HOST = "$(BUILT_PRODUCTS_DIR)/DDTravis.app/DDTravis";
			};
			name = Release;
		};
		76070B6E27EAF8D8003FEBF4 /* Debug */ = {
			isa = XCBuildConfiguration;
			buildSettings = {
				CODE_SIGN_STYLE = Automatic;
				CURRENT_PROJECT_VERSION = 1;
				GENERATE_INFOPLIST_FILE = YES;
				MARKETING_VERSION = 1.0;
				PRODUCT_BUNDLE_IDENTIFIER = com.test.DDTravisUITests;
				PRODUCT_NAME = "$(TARGET_NAME)";
				SWIFT_EMIT_LOC_STRINGS = NO;
				TARGETED_DEVICE_FAMILY = "1,2";
				TEST_TARGET_NAME = DDTravis;
			};
			name = Debug;
		};
		76070B6F27EAF8D8003FEBF4 /* Release */ = {
			isa = XCBuildConfiguration;
			buildSettings = {
				CODE_SIGN_STYLE = Automatic;
				CURRENT_PROJECT_VERSION = 1;
				GENERATE_INFOPLIST_FILE = YES;
				MARKETING_VERSION = 1.0;
				PRODUCT_BUNDLE_IDENTIFIER = com.test.DDTravisUITests;
				PRODUCT_NAME = "$(TARGET_NAME)";
				SWIFT_EMIT_LOC_STRINGS = NO;
				TARGETED_DEVICE_FAMILY = "1,2";
				TEST_TARGET_NAME = DDTravis;
			};
			name = Release;
		};
/* End XCBuildConfiguration section */

/* Begin XCConfigurationList section */
		76070B3327EAF8D3003FEBF4 /* Build configuration list for PBXProject "DDTravis" */ = {
			isa = XCConfigurationList;
			buildConfigurations = (
				76070B6527EAF8D8003FEBF4 /* Debug */,
				76070B6627EAF8D8003FEBF4 /* Release */,
			);
			defaultConfigurationIsVisible = 0;
			defaultConfigurationName = Release;
		};
		76070B6727EAF8D8003FEBF4 /* Build configuration list for PBXNativeTarget "DDTravis" */ = {
			isa = XCConfigurationList;
			buildConfigurations = (
				76070B6827EAF8D8003FEBF4 /* Debug */,
				76070B6927EAF8D8003FEBF4 /* Release */,
			);
			defaultConfigurationIsVisible = 0;
			defaultConfigurationName = Release;
		};
		76070B6A27EAF8D8003FEBF4 /* Build configuration list for PBXNativeTarget "DDTravisTests" */ = {
			isa = XCConfigurationList;
			buildConfigurations = (
				76070B6B27EAF8D8003FEBF4 /* Debug */,
				76070B6C27EAF8D8003FEBF4 /* Release */,
			);
			defaultConfigurationIsVisible = 0;
			defaultConfigurationName = Release;
		};
		76070B6D27EAF8D8003FEBF4 /* Build configuration list for PBXNativeTarget "DDTravisUITests" */ = {
			isa = XCConfigurationList;
			buildConfigurations = (
				76070B6E27EAF8D8003FEBF4 /* Debug */,
				76070B6F27EAF8D8003FEBF4 /* Release */,
			);
			defaultConfigurationIsVisible = 0;
			defaultConfigurationName = Release;
		};
/* End XCConfigurationList section */
	};
	rootObject = 76070B3027EAF8D3003FEBF4 /* Project object */;
}
